{
  "name": "p5js",
  "version": "1.0.0",
  "lockfileVersion": 1,
  "requires": true,
  "dependencies": {
    "ccapture.js": {
      "version": "1.0.7",
      "resolved": "https://registry.npmjs.org/ccapture.js/-/ccapture.js-1.0.7.tgz",
      "integrity": "sha512-RuIOv/DDUR9PF9QU/NdkxjYQ/0zXi8jHfPc6ua6ljVZgq281iale5LBUNvv/5SDc5mW7i4KEIH5qTRmhKnPZjw=="
    },
    "monaco-editor": {
      "version": "0.17.1",
      "resolved": "https://registry.npmjs.org/monaco-editor/-/monaco-editor-0.17.1.tgz",
      "integrity": "sha512-JAc0mtW7NeO+0SwPRcdkfDbWLgkqL9WfP1NbpP9wNASsW6oWqgZqNIWt4teymGjZIXTElx3dnQmUYHmVrJ7HxA=="
    },
    "p5": {
      "version": "0.10.2",
      "resolved": "https://registry.npmjs.org/p5/-/p5-0.10.2.tgz",
      "integrity": "sha512-kZnC7JllCEnEUTB3sv2iETUg1ulNvB60h3MHb63u7W/nCJc3XIlMGXcKk28cuezdQ7TOlKScm0qmWCsol+302Q=="
    }
  }
}
